
Microsoft Visual Studio Solution File, Format Version 12.00
# Visual Studio Version 16
VisualStudioVersion = 16.0.31112.23
MinimumVisualStudioVersion = 10.0.40219.1
Project("{FAE04EC0-301F-11D3-BF4B-00C04F79EFBC}") = "DemoApp", "DemoApp\DemoApp.csproj", "{FB26ACB8-384C-4CF6-98D7-A2265511F709}"
EndProject
Project("{FAE04EC0-301F-11D3-BF4B-00C04F79EFBC}") = "FolderBrowserDialogEx", "FolderBrowserDialogEx\FolderBrowserDialogEx.csproj", "{5D3558C1-05F1-464E-9466-EF66DF48C251}"
EndProject
Global
	GlobalSection(SolutionConfigurationPlatforms) = preSolution
		Debug|Any CPU = Debug|Any CPU
		Release|Any CPU = Release|Any CPU
	EndGlobalSection
	GlobalSection(ProjectConfigurationPlatforms) = postSolution
		{FB26ACB8-384C-4CF6-98D7-A2265511F709}.Debug|Any CPU.ActiveCfg = Debug|Any CPU
		{FB26ACB8-384C-4CF6-98D7-A2265511F709}.Debug|Any CPU.Build.0 = Debug|Any CPU
		{FB26ACB8-384C-4CF6-98D7-A2265511F709}.Release|Any CPU.ActiveCfg = Release|Any CPU
		{FB26ACB8-384C-4CF6-98D7-A2265511F709}.Release|Any CPU.Build.0 = Release|Any CPU
		{5D3558C1-05F1-464E-9466-EF66DF48C251}.Debug|Any CPU.ActiveCfg = Debug|Any CPU
		{5D3558C1-05F1-464E-9466-EF66DF48C251}.Debug|Any CPU.Build.0 = Debug|Any CPU
		{5D3558C1-05F1-464E-9466-EF66DF48C251}.Release|Any CPU.ActiveCfg = Release|Any CPU
		{5D3558C1-05F1-464E-9466-EF66DF48C251}.Release|Any CPU.Build.0 = Release|Any CPU
	EndGlobalSection
	GlobalSection(SolutionProperties) = preSolution
		HideSolutionNode = FALSE
	EndGlobalSection
	GlobalSection(ExtensibilityGlobals) = postSolution
		SolutionGuid = {37528D17-4033-4427-AEFE-3490BE6E2992}
	EndGlobalSection
EndGlobal
